
Microsoft Visual Studio Solution File, Format Version 12.00
# Visual Studio Version 16
VisualStudioVersion = 16.0.28803.352
MinimumVisualStudioVersion = 10.0.40219.1
Project("{FAE04EC0-301F-11D3-BF4B-00C04F79EFBC}") = "ParallelMapEditor", "ParallelMapEditor.csproj", "{094ED223-860C-468D-A2BF-E47C6350F544}"
EndProject
Global
	GlobalSection(SolutionConfigurationPlatforms) = preSolution
		Debug|Any CPU = Debug|Any CPU
		Release|Any CPU = Release|Any CPU
	EndGlobalSection
	GlobalSection(ProjectConfigurationPlatforms) = postSolution
		{094ED223-860C-468D-A2BF-E47C6350F544}.Debug|Any CPU.ActiveCfg = Debug|Any CPU
		{094ED223-860C-468D-A2BF-E47C6350F544}.Debug|Any CPU.Build.0 = Debug|Any CPU
		{094ED223-860C-468D-A2BF-E47C6350F544}.Release|Any CPU.ActiveCfg = Release|Any CPU
		{094ED223-860C-468D-A2BF-E47C6350F544}.Release|Any CPU.Build.0 = Release|Any CPU
	EndGlobalSection
	GlobalSection(SolutionProperties) = preSolution
		HideSolutionNode = FALSE
	EndGlobalSection
	GlobalSection(ExtensibilityGlobals) = postSolution
		SolutionGuid = {004673C2-75C9-4E3E-BDBD-5D8418E0F0C8}
	EndGlobalSection
EndGlobal
