<?xml version="1.0" encoding="utf-8"?>
<Project ToolsVersion="4.0" xmlns="http://schemas.microsoft.com/developer/msbuild/2003">
  <ItemGroup>
    <Filter Include="Source Files">
      <UniqueIdentifier>{4FC737F1-C7A5-4376-A066-2A32D752A2FF}</UniqueIdentifier>
      <Extensions>cpp;c;cc;cxx;def;odl;idl;hpj;bat;asm;asmx</Extensions>
    </Filter>
    <Filter Include="Header Files">
      <UniqueIdentifier>{93995380-89BD-4b04-88EB-625FBE52EBFB}</UniqueIdentifier>
      <Extensions>h;hh;hpp;hxx;hm;inl;inc;ipp;xsd</Extensions>
    </Filter>
    <Filter Include="Resource Files">
      <UniqueIdentifier>{67DA6AB6-F800-4c08-8B7A-83BB121AAD01}</UniqueIdentifier>
      <Extensions>rc;ico;cur;bmp;dlg;rc2;rct;bin;rgs;gif;jpg;jpeg;jpe;resx;tiff;tif;png;wav;mfcribbon-ms</Extensions>
    </Filter>
    <Filter Include="Source Files\handler">
      <UniqueIdentifier>{a7366b4e-a5f2-4e59-bc28-a06a48c6ee52}</UniqueIdentifier>
    </Filter>
    <Filter Include="Source Files\state">
      <UniqueIdentifier>{48c06f05-7ae6-41ae-ba75-4e57f49a48ed}</UniqueIdentifier>
    </Filter>
    <Filter Include="Header Files\handler">
      <UniqueIdentifier>{5b6016d2-e171-4fe2-a770-2780b1e58eb9}</UniqueIdentifier>
    </Filter>
    <Filter Include="Header Files\state">
      <UniqueIdentifier>{96e22473-7a66-4379-a69b-27662e98fa59}</UniqueIdentifier>
    </Filter>
    <Filter Include="Header Files\tile">
      <UniqueIdentifier>{6a5e3f8f-047e-40f9-ab16-f7943e58b643}</UniqueIdentifier>
    </Filter>
    <Filter Include="Source Files\tile">
      <UniqueIdentifier>{3b36d61a-6e85-42d0-bca0-29ab6390015d}</UniqueIdentifier>
    </Filter>
    <Filter Include="Header Files\math">
      <UniqueIdentifier>{a260ac23-4982-477e-afc4-7d5aa7d613c5}</UniqueIdentifier>
    </Filter>
    <Filter Include="Header Files\building">
      <UniqueIdentifier>{6aa6bc66-72c6-487c-b087-db829a63d6a1}</UniqueIdentifier>
    </Filter>
    <Filter Include="Source Files\building">
      <UniqueIdentifier>{2023cd1a-22c8-47fd-b568-4a43e7e4e006}</UniqueIdentifier>
    </Filter>
    <Filter Include="Header Files\ingamemenu">
      <UniqueIdentifier>{6aa13f0c-a9c5-43bb-a29b-4333d86b89c7}</UniqueIdentifier>
    </Filter>
    <Filter Include="Source Files\ingamemenu">
      <UniqueIdentifier>{fb5de402-86dd-46ab-a5b7-03213e293885}</UniqueIdentifier>
    </Filter>
    <Filter Include="Header Files\entity">
      <UniqueIdentifier>{cc7218b5-611c-4365-98cb-9a108ef73a4e}</UniqueIdentifier>
    </Filter>
    <Filter Include="Source Files\entity">
      <UniqueIdentifier>{ab46718d-82b8-451c-ae97-b522a328bc12}</UniqueIdentifier>
    </Filter>
  </ItemGroup>
  <ItemGroup>
    <ClCompile Include="main.cpp">
      <Filter>Source Files</Filter>
    </ClCompile>
    <ClCompile Include="assetloader.cpp">
      <Filter>Source Files\handler</Filter>
    </ClCompile>
    <ClCompile Include="assetmanager.cpp">
      <Filter>Source Files\handler</Filter>
    </ClCompile>
    <ClCompile Include="display.cpp">
      <Filter>Source Files\handler</Filter>
    </ClCompile>
    <ClCompile Include="gsm.cpp">
      <Filter>Source Files\state</Filter>
    </ClCompile>
    <ClCompile Include="playstate.cpp">
      <Filter>Source Files\state</Filter>
    </ClCompile>
    <ClCompile Include="animation.cpp">
      <Filter>Source Files\handler</Filter>
    </ClCompile>
    <ClCompile Include="tilemap.cpp">
      <Filter>Source Files\tile</Filter>
    </ClCompile>
    <ClCompile Include="camera.cpp">
      <Filter>Source Files\handler</Filter>
    </ClCompile>
    <ClCompile Include="building.cpp">
      <Filter>Source Files\building</Filter>
    </ClCompile>
    <ClCompile Include="buildinglist.cpp">
      <Filter>Source Files\building</Filter>
    </ClCompile>
    <ClCompile Include="castle.cpp">
      <Filter>Source Files\building</Filter>
    </ClCompile>
    <ClCompile Include="igm.cpp">
      <Filter>Source Files\ingamemenu</Filter>
    </ClCompile>
    <ClCompile Include="buttonmanager.cpp">
      <Filter>Source Files\handler</Filter>
    </ClCompile>
    <ClCompile Include="button.cpp">
      <Filter>Source Files\handler</Filter>
    </ClCompile>
    <ClCompile Include="inputhandler.cpp">
      <Filter>Source Files\handler</Filter>
    </ClCompile>
    <ClCompile Include="inventory.cpp">
      <Filter>Source Files\entity</Filter>
    </ClCompile>
    <ClCompile Include="player.cpp">
      <Filter>Source Files\entity</Filter>
    </ClCompile>
    <ClCompile Include="entity.cpp">
      <Filter>Source Files\entity</Filter>
    </ClCompile>
  </ItemGroup>
  <ItemGroup>
    <ClInclude Include="assetloader.h">
      <Filter>Header Files\handler</Filter>
    </ClInclude>
    <ClInclude Include="assetmanager.h">
      <Filter>Header Files\handler</Filter>
    </ClInclude>
    <ClInclude Include="display.h">
      <Filter>Header Files\handler</Filter>
    </ClInclude>
    <ClInclude Include="gsm.h">
      <Filter>Header Files\state</Filter>
    </ClInclude>
    <ClInclude Include="playstate.h">
      <Filter>Header Files\state</Filter>
    </ClInclude>
    <ClInclude Include="state.h">
      <Filter>Header Files\state</Filter>
    </ClInclude>
    <ClInclude Include="animation.h">
      <Filter>Header Files\handler</Filter>
    </ClInclude>
    <ClInclude Include="animationset.h">
      <Filter>Header Files\handler</Filter>
    </ClInclude>
    <ClInclude Include="tilemap.h">
      <Filter>Header Files\tile</Filter>
    </ClInclude>
    <ClInclude Include="vec2.h">
      <Filter>Header Files\math</Filter>
    </ClInclude>
    <ClInclude Include="var.h">
      <Filter>Header Files\handler</Filter>
    </ClInclude>
    <ClInclude Include="camera.h">
      <Filter>Header Files\handler</Filter>
    </ClInclude>
    <ClInclude Include="building.h">
      <Filter>Header Files\building</Filter>
    </ClInclude>
    <ClInclude Include="buildinglist.h">
      <Filter>Header Files\building</Filter>
    </ClInclude>
    <ClInclude Include="castle.h">
      <Filter>Header Files\building</Filter>
    </ClInclude>
    <ClInclude Include="igm.h">
      <Filter>Header Files\ingamemenu</Filter>
    </ClInclude>
    <ClInclude Include="buttonmanager.h">
      <Filter>Header Files\handler</Filter>
    </ClInclude>
    <ClInclude Include="button.h">
      <Filter>Header Files\handler</Filter>
    </ClInclude>
    <ClInclude Include="inputhandler.h">
      <Filter>Header Files\handler</Filter>
    </ClInclude>
    <ClInclude Include="player.h">
      <Filter>Header Files\entity</Filter>
    </ClInclude>
    <ClInclude Include="inventory.h">
      <Filter>Header Files\entity</Filter>
    </ClInclude>
    <ClInclude Include="resources.h">
      <Filter>Header Files\entity</Filter>
    </ClInclude>
    <ClInclude Include="entity.h">
      <Filter>Header Files\entity</Filter>
    </ClInclude>
  </ItemGroup>
  <ItemGroup>
    <None Include="packages.config" />
    <None Include="data\tilemap.ptm">
      <Filter>Resource Files</Filter>
    </None>
  </ItemGroup>
  <ItemGroup>
    <Image Include="images\tileset.png">
      <Filter>Resource Files</Filter>
    </Image>
    <Image Include="images\player.png">
      <Filter>Resource Files</Filter>
    </Image>
    <Image Include="images\hover.png">
      <Filter>Resource Files</Filter>
    </Image>
    <Image Include="images\castle.png">
      <Filter>Resource Files</Filter>
    </Image>
  </ItemGroup>
</Project>