<?xml version="1.0" encoding="utf-8"?>
<Project ToolsVersion="4.0" xmlns="http://schemas.microsoft.com/developer/msbuild/2003">
  <ItemGroup>
    <Filter Include="Source Files">
      <UniqueIdentifier>{4FC737F1-C7A5-4376-A066-2A32D752A2FF}</UniqueIdentifier>
      <Extensions>cpp;c;cc;cxx;def;odl;idl;hpj;bat;asm;asmx</Extensions>
    </Filter>
    <Filter Include="Header Files">
      <UniqueIdentifier>{93995380-89BD-4b04-88EB-625FBE52EBFB}</UniqueIdentifier>
      <Extensions>h;hh;hpp;hxx;hm;inl;inc;ipp;xsd</Extensions>
    </Filter>
    <Filter Include="Resource Files">
      <UniqueIdentifier>{67DA6AB6-F800-4c08-8B7A-83BB121AAD01}</UniqueIdentifier>
      <Extensions>rc;ico;cur;bmp;dlg;rc2;rct;bin;rgs;gif;jpg;jpeg;jpe;resx;tiff;tif;png;wav;mfcribbon-ms</Extensions>
    </Filter>
    <Filter Include="Source Files\handler">
      <UniqueIdentifier>{a7366b4e-a5f2-4e59-bc28-a06a48c6ee52}</UniqueIdentifier>
    </Filter>
    <Filter Include="Source Files\state">
      <UniqueIdentifier>{48c06f05-7ae6-41ae-ba75-4e57f49a48ed}</UniqueIdentifier>
    </Filter>
    <Filter Include="Source Files\entity">
      <UniqueIdentifier>{bb49b7d6-bd77-457e-87e0-dec4d633c068}</UniqueIdentifier>
    </Filter>
    <Filter Include="Header Files\handler">
      <UniqueIdentifier>{5b6016d2-e171-4fe2-a770-2780b1e58eb9}</UniqueIdentifier>
    </Filter>
    <Filter Include="Header Files\entity">
      <UniqueIdentifier>{1daf2fdb-98f7-41bd-b93a-672a1a3cd4a5}</UniqueIdentifier>
    </Filter>
    <Filter Include="Header Files\state">
      <UniqueIdentifier>{96e22473-7a66-4379-a69b-27662e98fa59}</UniqueIdentifier>
    </Filter>
  </ItemGroup>
  <ItemGroup>
    <ClCompile Include="main.cpp">
      <Filter>Source Files</Filter>
    </ClCompile>
    <ClCompile Include="assetloader.cpp">
      <Filter>Source Files\handler</Filter>
    </ClCompile>
    <ClCompile Include="assetmanager.cpp">
      <Filter>Source Files\handler</Filter>
    </ClCompile>
    <ClCompile Include="display.cpp">
      <Filter>Source Files\handler</Filter>
    </ClCompile>
    <ClCompile Include="entity.cpp">
      <Filter>Source Files\entity</Filter>
    </ClCompile>
    <ClCompile Include="gsm.cpp">
      <Filter>Source Files\state</Filter>
    </ClCompile>
    <ClCompile Include="playstate.cpp">
      <Filter>Source Files\state</Filter>
    </ClCompile>
    <ClCompile Include="player.cpp">
      <Filter>Source Files\entity</Filter>
    </ClCompile>
  </ItemGroup>
  <ItemGroup>
    <ClInclude Include="assetloader.h">
      <Filter>Header Files\handler</Filter>
    </ClInclude>
    <ClInclude Include="assetmanager.h">
      <Filter>Header Files\handler</Filter>
    </ClInclude>
    <ClInclude Include="display.h">
      <Filter>Header Files\handler</Filter>
    </ClInclude>
    <ClInclude Include="entity.h">
      <Filter>Header Files\entity</Filter>
    </ClInclude>
    <ClInclude Include="gsm.h">
      <Filter>Header Files\state</Filter>
    </ClInclude>
    <ClInclude Include="playstate.h">
      <Filter>Header Files\state</Filter>
    </ClInclude>
    <ClInclude Include="state.h">
      <Filter>Header Files\state</Filter>
    </ClInclude>
    <ClInclude Include="player.h">
      <Filter>Header Files\entity</Filter>
    </ClInclude>
  </ItemGroup>
  <ItemGroup>
    <None Include="packages.config" />
  </ItemGroup>
  <ItemGroup>
    <Image Include="Image.jpg">
      <Filter>Resource Files</Filter>
    </Image>
  </ItemGroup>
</Project>